
Microsoft Visual Studio Solution File, Format Version 12.00
# Visual Studio Version 17
VisualStudioVersion = 17.8.34525.116
MinimumVisualStudioVersion = 10.0.40219.1
Project("{FAE04EC0-301F-11D3-BF4B-00C04F79EFBC}") = "A’dan Z’ye kadar ekrana yazan", "A’dan Z’ye kadar ekrana yazan\A’dan Z’ye kadar ekrana yazan.csproj", "{2A67BFD1-96C9-4454-B0AF-59D58E4CB0B9}"
EndProject
Global
	GlobalSection(SolutionConfigurationPlatforms) = preSolution
		Debug|Any CPU = Debug|Any CPU
		Release|Any CPU = Release|Any CPU
	EndGlobalSection
	GlobalSection(ProjectConfigurationPlatforms) = postSolution
		{2A67BFD1-96C9-4454-B0AF-59D58E4CB0B9}.Debug|Any CPU.ActiveCfg = Debug|Any CPU
		{2A67BFD1-96C9-4454-B0AF-59D58E4CB0B9}.Debug|Any CPU.Build.0 = Debug|Any CPU
		{2A67BFD1-96C9-4454-B0AF-59D58E4CB0B9}.Release|Any CPU.ActiveCfg = Release|Any CPU
		{2A67BFD1-96C9-4454-B0AF-59D58E4CB0B9}.Release|Any CPU.Build.0 = Release|Any CPU
	EndGlobalSection
	GlobalSection(SolutionProperties) = preSolution
		HideSolutionNode = FALSE
	EndGlobalSection
	GlobalSection(ExtensibilityGlobals) = postSolution
		SolutionGuid = {75F2806C-19DF-43A0-8CD0-FAA6694BB459}
	EndGlobalSection
EndGlobal
